
Microsoft Visual Studio Solution File, Format Version 12.00
# Visual Studio 14
VisualStudioVersion = 14.0.25420.1
MinimumVisualStudioVersion = 10.0.40219.1
Project("{FAE04EC0-301F-11D3-BF4B-00C04F79EFBC}") = "Simple.Net.Mef.Mvc", "Simple.Net.Mef.Mvc\Simple.Net.Mef.Mvc.csproj", "{8263B0FA-977D-4B2C-A778-0897D3D5E841}"
EndProject
Project("{2150E333-8FDC-42A3-9474-1A3956D46DE8}") = "Solution Items", "Solution Items", "{2CA61811-E6C5-4AB0-828E-AFFCD3913ADF}"
	ProjectSection(SolutionItems) = preProject
		README.md = README.md
	EndProjectSection
EndProject
Project("{2150E333-8FDC-42A3-9474-1A3956D46DE8}") = "WCF Service Host", "WCF Service Host", "{3EC48FE9-48B5-40F4-A8DB-3AE0F6271083}"
EndProject
Project("{2150E333-8FDC-42A3-9474-1A3956D46DE8}") = "Sample", "Sample", "{54E37CC5-A29A-40E9-961A-C72EF31CE314}"
EndProject
Project("{FAE04EC0-301F-11D3-BF4B-00C04F79EFBC}") = "SimpleNet.Sample.Contracts", "SampleService.Contracts\SimpleNet.Sample.Contracts.csproj", "{B63F9E89-5A0F-4B75-917B-83F585D82169}"
EndProject
Project("{FAE04EC0-301F-11D3-BF4B-00C04F79EFBC}") = "SimpleNet.Sample.Impl", "SampleService.Impl\SimpleNet.Sample.Impl.csproj", "{C1BCE4A7-6473-442E-8DA1-526AFDE4DEF9}"
EndProject
Project("{2150E333-8FDC-42A3-9474-1A3956D46DE8}") = "MVC", "MVC", "{18C73FED-936F-4762-89B5-9DAD5C60AD10}"
EndProject
Project("{FAE04EC0-301F-11D3-BF4B-00C04F79EFBC}") = "SimpleNet.Client.ConsoleApp", "SampleServiceConsoleApp\SimpleNet.Client.ConsoleApp.csproj", "{E381F885-22F3-48DF-B09A-5F37FA241B18}"
EndProject
Project("{FAE04EC0-301F-11D3-BF4B-00C04F79EFBC}") = "SimpleNet.Sample.ServiceHostApp", "SampleServiceHost\SimpleNet.Sample.ServiceHostApp.csproj", "{9421D08B-C937-4CF6-B693-16DE20CBDD00}"
EndProject
Project("{2150E333-8FDC-42A3-9474-1A3956D46DE8}") = "Service", "Service", "{FE339145-A82A-4851-96DD-F05809FA1C07}"
EndProject
Project("{2150E333-8FDC-42A3-9474-1A3956D46DE8}") = "Client", "Client", "{E48A934D-E5CB-4070-B714-DD653918E728}"
EndProject
Project("{2150E333-8FDC-42A3-9474-1A3956D46DE8}") = "Diagnostics", "Diagnostics", "{2C887952-F1B0-4FC2-8228-74DDD749C893}"
EndProject
Project("{FAE04EC0-301F-11D3-BF4B-00C04F79EFBC}") = "SimpleNet.ServiceHost.Contracts", "SimpleNet.ServiceHost.Contracts\SimpleNet.ServiceHost.Contracts.csproj", "{881DC18E-F009-4E24-93B0-D6EFDE5759B6}"
EndProject
Project("{FAE04EC0-301F-11D3-BF4B-00C04F79EFBC}") = "SimpleNet.ServiceHost", "SimpleNet.ServiceHost\SimpleNet.ServiceHost.csproj", "{AC9CEEA8-9F50-4C66-9AF4-9A593385EACF}"
EndProject
Project("{FAE04EC0-301F-11D3-BF4B-00C04F79EFBC}") = "SimpleNet.TraceBroadcastService.Contracts", "SimpleNet.TraceBroadcastService.Contracts\SimpleNet.TraceBroadcastService.Contracts.csproj", "{EF7894F2-2A64-44D4-80A9-D363BC6CB4B8}"
EndProject
Project("{FAE04EC0-301F-11D3-BF4B-00C04F79EFBC}") = "SimpleNet.TraceBroadcastService", "SimpleNet.TraceBroadcastService\SimpleNet.TraceBroadcastService.csproj", "{4FCC556D-1910-42CA-AF1B-391CE6FD32D2}"
EndProject
Global
	GlobalSection(SolutionConfigurationPlatforms) = preSolution
		Debug|Any CPU = Debug|Any CPU
		Release|Any CPU = Release|Any CPU
	EndGlobalSection
	GlobalSection(ProjectConfigurationPlatforms) = postSolution
		{8263B0FA-977D-4B2C-A778-0897D3D5E841}.Debug|Any CPU.ActiveCfg = Debug|Any CPU
		{8263B0FA-977D-4B2C-A778-0897D3D5E841}.Debug|Any CPU.Build.0 = Debug|Any CPU
		{8263B0FA-977D-4B2C-A778-0897D3D5E841}.Release|Any CPU.ActiveCfg = Release|Any CPU
		{8263B0FA-977D-4B2C-A778-0897D3D5E841}.Release|Any CPU.Build.0 = Release|Any CPU
		{B63F9E89-5A0F-4B75-917B-83F585D82169}.Debug|Any CPU.ActiveCfg = Debug|Any CPU
		{B63F9E89-5A0F-4B75-917B-83F585D82169}.Debug|Any CPU.Build.0 = Debug|Any CPU
		{B63F9E89-5A0F-4B75-917B-83F585D82169}.Release|Any CPU.ActiveCfg = Release|Any CPU
		{B63F9E89-5A0F-4B75-917B-83F585D82169}.Release|Any CPU.Build.0 = Release|Any CPU
		{C1BCE4A7-6473-442E-8DA1-526AFDE4DEF9}.Debug|Any CPU.ActiveCfg = Debug|Any CPU
		{C1BCE4A7-6473-442E-8DA1-526AFDE4DEF9}.Debug|Any CPU.Build.0 = Debug|Any CPU
		{C1BCE4A7-6473-442E-8DA1-526AFDE4DEF9}.Release|Any CPU.ActiveCfg = Release|Any CPU
		{C1BCE4A7-6473-442E-8DA1-526AFDE4DEF9}.Release|Any CPU.Build.0 = Release|Any CPU
		{E381F885-22F3-48DF-B09A-5F37FA241B18}.Debug|Any CPU.ActiveCfg = Debug|Any CPU
		{E381F885-22F3-48DF-B09A-5F37FA241B18}.Debug|Any CPU.Build.0 = Debug|Any CPU
		{E381F885-22F3-48DF-B09A-5F37FA241B18}.Release|Any CPU.ActiveCfg = Release|Any CPU
		{E381F885-22F3-48DF-B09A-5F37FA241B18}.Release|Any CPU.Build.0 = Release|Any CPU
		{9421D08B-C937-4CF6-B693-16DE20CBDD00}.Debug|Any CPU.ActiveCfg = Debug|Any CPU
		{9421D08B-C937-4CF6-B693-16DE20CBDD00}.Debug|Any CPU.Build.0 = Debug|Any CPU
		{9421D08B-C937-4CF6-B693-16DE20CBDD00}.Release|Any CPU.ActiveCfg = Release|Any CPU
		{9421D08B-C937-4CF6-B693-16DE20CBDD00}.Release|Any CPU.Build.0 = Release|Any CPU
		{881DC18E-F009-4E24-93B0-D6EFDE5759B6}.Debug|Any CPU.ActiveCfg = Debug|Any CPU
		{881DC18E-F009-4E24-93B0-D6EFDE5759B6}.Debug|Any CPU.Build.0 = Debug|Any CPU
		{881DC18E-F009-4E24-93B0-D6EFDE5759B6}.Release|Any CPU.ActiveCfg = Release|Any CPU
		{881DC18E-F009-4E24-93B0-D6EFDE5759B6}.Release|Any CPU.Build.0 = Release|Any CPU
		{AC9CEEA8-9F50-4C66-9AF4-9A593385EACF}.Debug|Any CPU.ActiveCfg = Debug|Any CPU
		{AC9CEEA8-9F50-4C66-9AF4-9A593385EACF}.Debug|Any CPU.Build.0 = Debug|Any CPU
		{AC9CEEA8-9F50-4C66-9AF4-9A593385EACF}.Release|Any CPU.ActiveCfg = Release|Any CPU
		{AC9CEEA8-9F50-4C66-9AF4-9A593385EACF}.Release|Any CPU.Build.0 = Release|Any CPU
		{EF7894F2-2A64-44D4-80A9-D363BC6CB4B8}.Debug|Any CPU.ActiveCfg = Debug|Any CPU
		{EF7894F2-2A64-44D4-80A9-D363BC6CB4B8}.Debug|Any CPU.Build.0 = Debug|Any CPU
		{EF7894F2-2A64-44D4-80A9-D363BC6CB4B8}.Release|Any CPU.ActiveCfg = Release|Any CPU
		{EF7894F2-2A64-44D4-80A9-D363BC6CB4B8}.Release|Any CPU.Build.0 = Release|Any CPU
		{4FCC556D-1910-42CA-AF1B-391CE6FD32D2}.Debug|Any CPU.ActiveCfg = Debug|Any CPU
		{4FCC556D-1910-42CA-AF1B-391CE6FD32D2}.Debug|Any CPU.Build.0 = Debug|Any CPU
		{4FCC556D-1910-42CA-AF1B-391CE6FD32D2}.Release|Any CPU.ActiveCfg = Release|Any CPU
		{4FCC556D-1910-42CA-AF1B-391CE6FD32D2}.Release|Any CPU.Build.0 = Release|Any CPU
	EndGlobalSection
	GlobalSection(SolutionProperties) = preSolution
		HideSolutionNode = FALSE
	EndGlobalSection
	GlobalSection(NestedProjects) = preSolution
		{8263B0FA-977D-4B2C-A778-0897D3D5E841} = {18C73FED-936F-4762-89B5-9DAD5C60AD10}
		{B63F9E89-5A0F-4B75-917B-83F585D82169} = {FE339145-A82A-4851-96DD-F05809FA1C07}
		{C1BCE4A7-6473-442E-8DA1-526AFDE4DEF9} = {FE339145-A82A-4851-96DD-F05809FA1C07}
		{E381F885-22F3-48DF-B09A-5F37FA241B18} = {E48A934D-E5CB-4070-B714-DD653918E728}
		{9421D08B-C937-4CF6-B693-16DE20CBDD00} = {FE339145-A82A-4851-96DD-F05809FA1C07}
		{FE339145-A82A-4851-96DD-F05809FA1C07} = {54E37CC5-A29A-40E9-961A-C72EF31CE314}
		{E48A934D-E5CB-4070-B714-DD653918E728} = {54E37CC5-A29A-40E9-961A-C72EF31CE314}
		{2C887952-F1B0-4FC2-8228-74DDD749C893} = {54E37CC5-A29A-40E9-961A-C72EF31CE314}
		{881DC18E-F009-4E24-93B0-D6EFDE5759B6} = {3EC48FE9-48B5-40F4-A8DB-3AE0F6271083}
		{AC9CEEA8-9F50-4C66-9AF4-9A593385EACF} = {3EC48FE9-48B5-40F4-A8DB-3AE0F6271083}
		{EF7894F2-2A64-44D4-80A9-D363BC6CB4B8} = {2C887952-F1B0-4FC2-8228-74DDD749C893}
		{4FCC556D-1910-42CA-AF1B-391CE6FD32D2} = {2C887952-F1B0-4FC2-8228-74DDD749C893}
	EndGlobalSection
EndGlobal
