
Microsoft Visual Studio Solution File, Format Version 12.00
# Visual Studio 14
VisualStudioVersion = 14.0.23107.0
MinimumVisualStudioVersion = 10.0.40219.1
Project("{FAE04EC0-301F-11D3-BF4B-00C04F79EFBC}") = "Simple.Net.Core.Data", "Simple.Net.Core.Data\Simple.Net.Core.Data.csproj", "{0237F2DA-FC39-4C8D-8EE3-8B3498BF7EEF}"
EndProject
Project("{FAE04EC0-301F-11D3-BF4B-00C04F79EFBC}") = "Simple.Net.Core.ServiceHost.Contracts", "Simple.Net.Core.ServiceHost.Contracts\Simple.Net.Core.ServiceHost.Contracts.csproj", "{881DC18E-F009-4E24-93B0-D6EFDE5759B6}"
EndProject
Project("{FAE04EC0-301F-11D3-BF4B-00C04F79EFBC}") = "Simple.Net.Core.ServiceHost", "Simple.Net.Core.ServiceHost\Simple.Net.Core.ServiceHost.csproj", "{AC9CEEA8-9F50-4C66-9AF4-9A593385EACF}"
EndProject
Project("{FAE04EC0-301F-11D3-BF4B-00C04F79EFBC}") = "Simple.Net.Core.Diagnostics.Loggers", "Simple.Net.Core.Diagnostics.Loggers\Simple.Net.Core.Diagnostics.Loggers.csproj", "{B4E83CD6-10D4-45C0-B46B-6B556A8781C8}"
EndProject
Project("{FAE04EC0-301F-11D3-BF4B-00C04F79EFBC}") = "Simple.Net.Core.Diagnostics", "Simple.Net.Core.Diagnostics\Simple.Net.Core.Diagnostics.csproj", "{BDF95AC5-1331-4BD7-848F-03319D274FAB}"
EndProject
Project("{FAE04EC0-301F-11D3-BF4B-00C04F79EFBC}") = "Simple.Net.DiagnosticService", "Simple.Net.DiagnosticService\Simple.Net.DiagnosticService.csproj", "{E1DA6EFF-29CD-4F1E-B2A5-395F303D94AE}"
EndProject
Project("{FAE04EC0-301F-11D3-BF4B-00C04F79EFBC}") = "Simple.Net.DiagnosticService.Contracts", "Simple.Net.DiagnosticService.Contracts\Simple.Net.DiagnosticService.Contracts.csproj", "{EF7894F2-2A64-44D4-80A9-D363BC6CB4B8}"
EndProject
Project("{FAE04EC0-301F-11D3-BF4B-00C04F79EFBC}") = "Simple.Net.Mef.Mvc", "Simple.Net.Mef.Mvc\Simple.Net.Mef.Mvc.csproj", "{8263B0FA-977D-4B2C-A778-0897D3D5E841}"
EndProject
Project("{2150E333-8FDC-42A3-9474-1A3956D46DE8}") = "Solution Items", "Solution Items", "{2CA61811-E6C5-4AB0-828E-AFFCD3913ADF}"
	ProjectSection(SolutionItems) = preProject
		README.md = README.md
	EndProjectSection
EndProject
Project("{2150E333-8FDC-42A3-9474-1A3956D46DE8}") = "WCF Service Host", "WCF Service Host", "{3EC48FE9-48B5-40F4-A8DB-3AE0F6271083}"
EndProject
Project("{2150E333-8FDC-42A3-9474-1A3956D46DE8}") = "Diagnostics", "Diagnostics", "{3A9D92E5-9522-4C3E-9BAC-3AD26620E0DB}"
EndProject
Project("{2150E333-8FDC-42A3-9474-1A3956D46DE8}") = "Sample", "Sample", "{54E37CC5-A29A-40E9-961A-C72EF31CE314}"
EndProject
Project("{2150E333-8FDC-42A3-9474-1A3956D46DE8}") = "Repository", "Repository", "{45A2A794-D9B8-4EAA-A13D-AD02BA2C8A34}"
EndProject
Project("{FAE04EC0-301F-11D3-BF4B-00C04F79EFBC}") = "SampleService.Contracts", "SampleService.Contracts\SampleService.Contracts.csproj", "{B63F9E89-5A0F-4B75-917B-83F585D82169}"
EndProject
Project("{FAE04EC0-301F-11D3-BF4B-00C04F79EFBC}") = "SampleService.Impl", "SampleService.Impl\SampleService.Impl.csproj", "{C1BCE4A7-6473-442E-8DA1-526AFDE4DEF9}"
EndProject
Project("{2150E333-8FDC-42A3-9474-1A3956D46DE8}") = "MVC", "MVC", "{18C73FED-936F-4762-89B5-9DAD5C60AD10}"
EndProject
Project("{FAE04EC0-301F-11D3-BF4B-00C04F79EFBC}") = "SampleServiceConsoleApp", "SampleServiceConsoleApp\SampleServiceConsoleApp.csproj", "{E381F885-22F3-48DF-B09A-5F37FA241B18}"
EndProject
Project("{FAE04EC0-301F-11D3-BF4B-00C04F79EFBC}") = "SampleServiceHost", "SampleServiceHost\SampleServiceHost.csproj", "{9421D08B-C937-4CF6-B693-16DE20CBDD00}"
EndProject
Project("{2150E333-8FDC-42A3-9474-1A3956D46DE8}") = "Service", "Service", "{FE339145-A82A-4851-96DD-F05809FA1C07}"
EndProject
Project("{2150E333-8FDC-42A3-9474-1A3956D46DE8}") = "Client", "Client", "{E48A934D-E5CB-4070-B714-DD653918E728}"
EndProject
Project("{FAE04EC0-301F-11D3-BF4B-00C04F79EFBC}") = "Simple.Net.Core.Data.UnitTest", "Simple.Net.Core.Data.UnitTest\Simple.Net.Core.Data.UnitTest.csproj", "{6646A9B8-68C2-41DF-8966-789D50A8A919}"
EndProject
Global
	GlobalSection(SolutionConfigurationPlatforms) = preSolution
		Debug|Any CPU = Debug|Any CPU
		Release|Any CPU = Release|Any CPU
	EndGlobalSection
	GlobalSection(ProjectConfigurationPlatforms) = postSolution
		{0237F2DA-FC39-4C8D-8EE3-8B3498BF7EEF}.Debug|Any CPU.ActiveCfg = Debug|Any CPU
		{0237F2DA-FC39-4C8D-8EE3-8B3498BF7EEF}.Debug|Any CPU.Build.0 = Debug|Any CPU
		{0237F2DA-FC39-4C8D-8EE3-8B3498BF7EEF}.Release|Any CPU.ActiveCfg = Release|Any CPU
		{0237F2DA-FC39-4C8D-8EE3-8B3498BF7EEF}.Release|Any CPU.Build.0 = Release|Any CPU
		{881DC18E-F009-4E24-93B0-D6EFDE5759B6}.Debug|Any CPU.ActiveCfg = Debug|Any CPU
		{881DC18E-F009-4E24-93B0-D6EFDE5759B6}.Debug|Any CPU.Build.0 = Debug|Any CPU
		{881DC18E-F009-4E24-93B0-D6EFDE5759B6}.Release|Any CPU.ActiveCfg = Release|Any CPU
		{881DC18E-F009-4E24-93B0-D6EFDE5759B6}.Release|Any CPU.Build.0 = Release|Any CPU
		{AC9CEEA8-9F50-4C66-9AF4-9A593385EACF}.Debug|Any CPU.ActiveCfg = Debug|Any CPU
		{AC9CEEA8-9F50-4C66-9AF4-9A593385EACF}.Debug|Any CPU.Build.0 = Debug|Any CPU
		{AC9CEEA8-9F50-4C66-9AF4-9A593385EACF}.Release|Any CPU.ActiveCfg = Release|Any CPU
		{AC9CEEA8-9F50-4C66-9AF4-9A593385EACF}.Release|Any CPU.Build.0 = Release|Any CPU
		{B4E83CD6-10D4-45C0-B46B-6B556A8781C8}.Debug|Any CPU.ActiveCfg = Debug|Any CPU
		{B4E83CD6-10D4-45C0-B46B-6B556A8781C8}.Debug|Any CPU.Build.0 = Debug|Any CPU
		{B4E83CD6-10D4-45C0-B46B-6B556A8781C8}.Release|Any CPU.ActiveCfg = Release|Any CPU
		{B4E83CD6-10D4-45C0-B46B-6B556A8781C8}.Release|Any CPU.Build.0 = Release|Any CPU
		{BDF95AC5-1331-4BD7-848F-03319D274FAB}.Debug|Any CPU.ActiveCfg = Debug|Any CPU
		{BDF95AC5-1331-4BD7-848F-03319D274FAB}.Debug|Any CPU.Build.0 = Debug|Any CPU
		{BDF95AC5-1331-4BD7-848F-03319D274FAB}.Release|Any CPU.ActiveCfg = Release|Any CPU
		{BDF95AC5-1331-4BD7-848F-03319D274FAB}.Release|Any CPU.Build.0 = Release|Any CPU
		{E1DA6EFF-29CD-4F1E-B2A5-395F303D94AE}.Debug|Any CPU.ActiveCfg = Debug|Any CPU
		{E1DA6EFF-29CD-4F1E-B2A5-395F303D94AE}.Debug|Any CPU.Build.0 = Debug|Any CPU
		{E1DA6EFF-29CD-4F1E-B2A5-395F303D94AE}.Release|Any CPU.ActiveCfg = Release|Any CPU
		{E1DA6EFF-29CD-4F1E-B2A5-395F303D94AE}.Release|Any CPU.Build.0 = Release|Any CPU
		{EF7894F2-2A64-44D4-80A9-D363BC6CB4B8}.Debug|Any CPU.ActiveCfg = Debug|Any CPU
		{EF7894F2-2A64-44D4-80A9-D363BC6CB4B8}.Debug|Any CPU.Build.0 = Debug|Any CPU
		{EF7894F2-2A64-44D4-80A9-D363BC6CB4B8}.Release|Any CPU.ActiveCfg = Release|Any CPU
		{EF7894F2-2A64-44D4-80A9-D363BC6CB4B8}.Release|Any CPU.Build.0 = Release|Any CPU
		{8263B0FA-977D-4B2C-A778-0897D3D5E841}.Debug|Any CPU.ActiveCfg = Debug|Any CPU
		{8263B0FA-977D-4B2C-A778-0897D3D5E841}.Debug|Any CPU.Build.0 = Debug|Any CPU
		{8263B0FA-977D-4B2C-A778-0897D3D5E841}.Release|Any CPU.ActiveCfg = Release|Any CPU
		{8263B0FA-977D-4B2C-A778-0897D3D5E841}.Release|Any CPU.Build.0 = Release|Any CPU
		{B63F9E89-5A0F-4B75-917B-83F585D82169}.Debug|Any CPU.ActiveCfg = Debug|Any CPU
		{B63F9E89-5A0F-4B75-917B-83F585D82169}.Debug|Any CPU.Build.0 = Debug|Any CPU
		{B63F9E89-5A0F-4B75-917B-83F585D82169}.Release|Any CPU.ActiveCfg = Release|Any CPU
		{B63F9E89-5A0F-4B75-917B-83F585D82169}.Release|Any CPU.Build.0 = Release|Any CPU
		{C1BCE4A7-6473-442E-8DA1-526AFDE4DEF9}.Debug|Any CPU.ActiveCfg = Debug|Any CPU
		{C1BCE4A7-6473-442E-8DA1-526AFDE4DEF9}.Debug|Any CPU.Build.0 = Debug|Any CPU
		{C1BCE4A7-6473-442E-8DA1-526AFDE4DEF9}.Release|Any CPU.ActiveCfg = Release|Any CPU
		{C1BCE4A7-6473-442E-8DA1-526AFDE4DEF9}.Release|Any CPU.Build.0 = Release|Any CPU
		{E381F885-22F3-48DF-B09A-5F37FA241B18}.Debug|Any CPU.ActiveCfg = Debug|Any CPU
		{E381F885-22F3-48DF-B09A-5F37FA241B18}.Debug|Any CPU.Build.0 = Debug|Any CPU
		{E381F885-22F3-48DF-B09A-5F37FA241B18}.Release|Any CPU.ActiveCfg = Release|Any CPU
		{E381F885-22F3-48DF-B09A-5F37FA241B18}.Release|Any CPU.Build.0 = Release|Any CPU
		{9421D08B-C937-4CF6-B693-16DE20CBDD00}.Debug|Any CPU.ActiveCfg = Debug|Any CPU
		{9421D08B-C937-4CF6-B693-16DE20CBDD00}.Debug|Any CPU.Build.0 = Debug|Any CPU
		{9421D08B-C937-4CF6-B693-16DE20CBDD00}.Release|Any CPU.ActiveCfg = Release|Any CPU
		{9421D08B-C937-4CF6-B693-16DE20CBDD00}.Release|Any CPU.Build.0 = Release|Any CPU
		{6646A9B8-68C2-41DF-8966-789D50A8A919}.Debug|Any CPU.ActiveCfg = Debug|Any CPU
		{6646A9B8-68C2-41DF-8966-789D50A8A919}.Debug|Any CPU.Build.0 = Debug|Any CPU
		{6646A9B8-68C2-41DF-8966-789D50A8A919}.Release|Any CPU.ActiveCfg = Release|Any CPU
		{6646A9B8-68C2-41DF-8966-789D50A8A919}.Release|Any CPU.Build.0 = Release|Any CPU
	EndGlobalSection
	GlobalSection(SolutionProperties) = preSolution
		HideSolutionNode = FALSE
	EndGlobalSection
	GlobalSection(NestedProjects) = preSolution
		{0237F2DA-FC39-4C8D-8EE3-8B3498BF7EEF} = {45A2A794-D9B8-4EAA-A13D-AD02BA2C8A34}
		{881DC18E-F009-4E24-93B0-D6EFDE5759B6} = {3EC48FE9-48B5-40F4-A8DB-3AE0F6271083}
		{AC9CEEA8-9F50-4C66-9AF4-9A593385EACF} = {3EC48FE9-48B5-40F4-A8DB-3AE0F6271083}
		{B4E83CD6-10D4-45C0-B46B-6B556A8781C8} = {3A9D92E5-9522-4C3E-9BAC-3AD26620E0DB}
		{BDF95AC5-1331-4BD7-848F-03319D274FAB} = {3A9D92E5-9522-4C3E-9BAC-3AD26620E0DB}
		{E1DA6EFF-29CD-4F1E-B2A5-395F303D94AE} = {FE339145-A82A-4851-96DD-F05809FA1C07}
		{EF7894F2-2A64-44D4-80A9-D363BC6CB4B8} = {FE339145-A82A-4851-96DD-F05809FA1C07}
		{8263B0FA-977D-4B2C-A778-0897D3D5E841} = {18C73FED-936F-4762-89B5-9DAD5C60AD10}
		{B63F9E89-5A0F-4B75-917B-83F585D82169} = {FE339145-A82A-4851-96DD-F05809FA1C07}
		{C1BCE4A7-6473-442E-8DA1-526AFDE4DEF9} = {FE339145-A82A-4851-96DD-F05809FA1C07}
		{E381F885-22F3-48DF-B09A-5F37FA241B18} = {E48A934D-E5CB-4070-B714-DD653918E728}
		{9421D08B-C937-4CF6-B693-16DE20CBDD00} = {FE339145-A82A-4851-96DD-F05809FA1C07}
		{FE339145-A82A-4851-96DD-F05809FA1C07} = {54E37CC5-A29A-40E9-961A-C72EF31CE314}
		{E48A934D-E5CB-4070-B714-DD653918E728} = {54E37CC5-A29A-40E9-961A-C72EF31CE314}
		{6646A9B8-68C2-41DF-8966-789D50A8A919} = {45A2A794-D9B8-4EAA-A13D-AD02BA2C8A34}
	EndGlobalSection
EndGlobal
